{
  "originHash" : "2df6280486a953f9a24c0168cd748e29d7eb8ce422bcacebb5e9e2b4367d9654",
  "pins" : [
    {
      "identity" : "grdb.swift",
      "kind" : "remoteSourceControl",
      "location" : "https://github.com/groue/GRDB.swift.git",
      "state" : {
        "revision" : "84d25dfc9dc1766feb8c80fb04b9f7e2337fb83e",
        "version" : "7.0.0-beta.6"
      }
    }
  ],
  "version" : 3
}
